
Microsoft Visual Studio Solution File, Format Version 12.00
# Visual Studio 15
VisualStudioVersion = 15.0.27703.2042
MinimumVisualStudioVersion = 10.0.40219.1
Project("{FAE04EC0-301F-11D3-BF4B-00C04F79EFBC}") = "FileHandle", "FileHandle\FileHandle.csproj", "{F55233C1-2DD6-4DF8-83F0-E06551993528}"
EndProject
Global
	GlobalSection(SolutionConfigurationPlatforms) = preSolution
		Debug|Any CPU = Debug|Any CPU
		Release|Any CPU = Release|Any CPU
	EndGlobalSection
	GlobalSection(ProjectConfigurationPlatforms) = postSolution
		{F55233C1-2DD6-4DF8-83F0-E06551993528}.Debug|Any CPU.ActiveCfg = Debug|Any CPU
		{F55233C1-2DD6-4DF8-83F0-E06551993528}.Debug|Any CPU.Build.0 = Debug|Any CPU
		{F55233C1-2DD6-4DF8-83F0-E06551993528}.Release|Any CPU.ActiveCfg = Release|Any CPU
		{F55233C1-2DD6-4DF8-83F0-E06551993528}.Release|Any CPU.Build.0 = Release|Any CPU
	EndGlobalSection
	GlobalSection(SolutionProperties) = preSolution
		HideSolutionNode = FALSE
	EndGlobalSection
	GlobalSection(ExtensibilityGlobals) = postSolution
		SolutionGuid = {CB37A51C-AEFC-4B17-B1EC-988B75DFC0FF}
	EndGlobalSection
EndGlobal
